
Microsoft Visual Studio Solution File, Format Version 12.00
# Visual Studio Version 17
VisualStudioVersion = 17.13.36105.23 d17.13
MinimumVisualStudioVersion = 10.0.40219.1
Project("{FAE04EC0-301F-11D3-BF4B-00C04F79EFBC}") = "Ecommerce.Core", "Ecommerce.Core\Ecommerce.Core.csproj", "{3F27147E-09F2-405A-B9AF-450EF86D1E4A}"
EndProject
Project("{FAE04EC0-301F-11D3-BF4B-00C04F79EFBC}") = "Ecommerce.Application", "Ecommerce.Application\Ecommerce.Application.csproj", "{05144C0E-FF69-42D2-B056-71C9888299AF}"
EndProject
Project("{FAE04EC0-301F-11D3-BF4B-00C04F79EFBC}") = "Ecommerce.Infrastructure", "Ecommerce.Infrastructure\Ecommerce.Infrastructure.csproj", "{681F53CD-9351-4CC8-B023-164C368BC763}"
EndProject
Project("{FAE04EC0-301F-11D3-BF4B-00C04F79EFBC}") = "Ecommerce.Api", "Ecommerce.Api\Ecommerce.Api.csproj", "{0F26AD64-3469-4E3A-A60A-EFBF45C46D27}"
EndProject
Global
	GlobalSection(SolutionConfigurationPlatforms) = preSolution
		Debug|Any CPU = Debug|Any CPU
		Release|Any CPU = Release|Any CPU
	EndGlobalSection
	GlobalSection(ProjectConfigurationPlatforms) = postSolution
		{3F27147E-09F2-405A-B9AF-450EF86D1E4A}.Debug|Any CPU.ActiveCfg = Debug|Any CPU
		{3F27147E-09F2-405A-B9AF-450EF86D1E4A}.Debug|Any CPU.Build.0 = Debug|Any CPU
		{3F27147E-09F2-405A-B9AF-450EF86D1E4A}.Release|Any CPU.ActiveCfg = Release|Any CPU
		{3F27147E-09F2-405A-B9AF-450EF86D1E4A}.Release|Any CPU.Build.0 = Release|Any CPU
		{05144C0E-FF69-42D2-B056-71C9888299AF}.Debug|Any CPU.ActiveCfg = Debug|Any CPU
		{05144C0E-FF69-42D2-B056-71C9888299AF}.Debug|Any CPU.Build.0 = Debug|Any CPU
		{05144C0E-FF69-42D2-B056-71C9888299AF}.Release|Any CPU.ActiveCfg = Release|Any CPU
		{05144C0E-FF69-42D2-B056-71C9888299AF}.Release|Any CPU.Build.0 = Release|Any CPU
		{681F53CD-9351-4CC8-B023-164C368BC763}.Debug|Any CPU.ActiveCfg = Debug|Any CPU
		{681F53CD-9351-4CC8-B023-164C368BC763}.Debug|Any CPU.Build.0 = Debug|Any CPU
		{681F53CD-9351-4CC8-B023-164C368BC763}.Release|Any CPU.ActiveCfg = Release|Any CPU
		{681F53CD-9351-4CC8-B023-164C368BC763}.Release|Any CPU.Build.0 = Release|Any CPU
		{0F26AD64-3469-4E3A-A60A-EFBF45C46D27}.Debug|Any CPU.ActiveCfg = Debug|Any CPU
		{0F26AD64-3469-4E3A-A60A-EFBF45C46D27}.Debug|Any CPU.Build.0 = Debug|Any CPU
		{0F26AD64-3469-4E3A-A60A-EFBF45C46D27}.Release|Any CPU.ActiveCfg = Release|Any CPU
		{0F26AD64-3469-4E3A-A60A-EFBF45C46D27}.Release|Any CPU.Build.0 = Release|Any CPU
	EndGlobalSection
	GlobalSection(SolutionProperties) = preSolution
		HideSolutionNode = FALSE
	EndGlobalSection
	GlobalSection(ExtensibilityGlobals) = postSolution
		SolutionGuid = {21D14822-EFFF-43DC-8147-8CF9A94ACD56}
	EndGlobalSection
EndGlobal
